
Microsoft Visual Studio Solution File, Format Version 12.00
# Visual Studio Version 16
VisualStudioVersion = 16.0.34301.259
MinimumVisualStudioVersion = 10.0.40219.1
Project("{FAE04EC0-301F-11D3-BF4B-00C04F79EFBC}") = "LKE_DAL", "LKE_DAL\LKE_DAL.csproj", "{1954F1BB-F73A-47E5-A04E-A2076871D88A}"
EndProject
Project("{FAE04EC0-301F-11D3-BF4B-00C04F79EFBC}") = "LKEWebAPI", "LKEWebAPI\LKEWebAPI.csproj", "{21F1E2FB-D0F4-4413-A397-2DAC043B59CA}"
EndProject
Global
	GlobalSection(SolutionConfigurationPlatforms) = preSolution
		Debug|Any CPU = Debug|Any CPU
		Release|Any CPU = Release|Any CPU
	EndGlobalSection
	GlobalSection(ProjectConfigurationPlatforms) = postSolution
		{1954F1BB-F73A-47E5-A04E-A2076871D88A}.Debug|Any CPU.ActiveCfg = Debug|Any CPU
		{1954F1BB-F73A-47E5-A04E-A2076871D88A}.Debug|Any CPU.Build.0 = Debug|Any CPU
		{1954F1BB-F73A-47E5-A04E-A2076871D88A}.Release|Any CPU.ActiveCfg = Release|Any CPU
		{1954F1BB-F73A-47E5-A04E-A2076871D88A}.Release|Any CPU.Build.0 = Release|Any CPU
		{21F1E2FB-D0F4-4413-A397-2DAC043B59CA}.Debug|Any CPU.ActiveCfg = Debug|Any CPU
		{21F1E2FB-D0F4-4413-A397-2DAC043B59CA}.Debug|Any CPU.Build.0 = Debug|Any CPU
		{21F1E2FB-D0F4-4413-A397-2DAC043B59CA}.Release|Any CPU.ActiveCfg = Release|Any CPU
		{21F1E2FB-D0F4-4413-A397-2DAC043B59CA}.Release|Any CPU.Build.0 = Release|Any CPU
	EndGlobalSection
	GlobalSection(SolutionProperties) = preSolution
		HideSolutionNode = FALSE
	EndGlobalSection
	GlobalSection(ExtensibilityGlobals) = postSolution
		SolutionGuid = {17EC25CD-8BD3-4FEA-B976-CC61065CD19F}
	EndGlobalSection
EndGlobal
